<Solution>
  <Folder Name="/src/">
    <Project Path="src/CleanArchitecture.BuildingBlocks/CleanArchitecture.BuildingBlocks.csproj" />
  </Folder>
  <Folder Name="/tests/">
    <Project Path="tests/CleanArchitecture.BuildingBlocks.Tests/CleanArchitecture.BuildingBlocks.Tests.csproj" />
  </Folder>
</Solution>
